// !$*UTF8*$!
{
	archiveVersion = 1;
	classes = {
	};
	objectVersion = 56;
	objects = {

/* Begin PBXBuildFile section */
		A1000001 /* main.mm in Sources */ = {isa = PBXBuildFile; fileRef = A2000001; };
		A1000002 /* main.qml in Resources */ = {isa = PBXBuildFile; fileRef = A2000002; };
		A1000003 /* QtRuntime.framework in Frameworks */ = {isa = PBXBuildFile; fileRef = A2000003; };
		A1000004 /* QtRuntime.framework in Embed Frameworks */ = {isa = PBXBuildFile; fileRef = A2000003; settings = {ATTRIBUTES = (CodeSignOnCopy, RemoveHeadersOnCopy, ); }; };
		A1000005 /* UIKit.framework in Frameworks */ = {isa = PBXBuildFile; fileRef = A2000005; };
		A1000006 /* Foundation.framework in Frameworks */ = {isa = PBXBuildFile; fileRef = A2000006; };
/* End PBXBuildFile section */

/* Begin PBXCopyFilesBuildPhase section */
		A5000001 /* Embed Frameworks */ = {
			isa = PBXCopyFilesBuildPhase;
			buildActionMask = 2147483647;
			dstPath = "";
			dstSubfolderSpec = 10;
			files = (
				A1000004 /* QtRuntime.framework in Embed Frameworks */,
			);
			name = "Embed Frameworks";
			runOnlyForDeploymentPostprocessing = 0;
		};
		A5000002 /* Copy QML Files */ = {
			isa = PBXCopyFilesBuildPhase;
			buildActionMask = 2147483647;
			dstPath = "";
			dstSubfolderSpec = 1;
			files = (
				A1000002 /* main.qml in Resources */,
			);
			name = "Copy QML Files";
			runOnlyForDeploymentPostprocessing = 0;
		};
/* End PBXCopyFilesBuildPhase section */

/* Begin PBXShellScriptBuildPhase section */
		A5000003 /* Copy QML Modules */ = {
			isa = PBXShellScriptBuildPhase;
			buildActionMask = 2147483647;
			files = (
			);
			inputPaths = (
			);
			name = "Copy QML Modules";
			outputPaths = (
			);
			runOnlyForDeploymentPostprocessing = 0;
			shellPath = /bin/bash;
			shellScript = "QT_IOS=\"$HOME/dev/lib/Qt-6/6.8.3/ios\"\nmkdir -p \"$BUILT_PRODUCTS_DIR/$PRODUCT_NAME.app/qml\"\nfor mod in QtQuick QtQml QtCore; do\n    if [ -d \"$QT_IOS/qml/$mod\" ]; then\n        cp -R \"$QT_IOS/qml/$mod\" \"$BUILT_PRODUCTS_DIR/$PRODUCT_NAME.app/qml/\"\n    fi\ndone\n";
		};
/* End PBXShellScriptBuildPhase section */

/* Begin PBXFileReference section */
		A2000001 /* main.mm */ = {isa = PBXFileReference; lastKnownFileType = sourcecode.cpp.objcpp; path = main.mm; sourceTree = "<group>"; };
		A2000002 /* main.qml */ = {isa = PBXFileReference; lastKnownFileType = text; path = main.qml; sourceTree = "<group>"; };
		A2000003 /* QtRuntime.framework */ = {isa = PBXFileReference; lastKnownFileType = wrapper.framework; name = QtRuntime.framework; path = ../../build/QtRuntime.framework; sourceTree = "<group>"; };
		A2000004 /* TestQml.app */ = {isa = PBXFileReference; explicitFileType = wrapper.application; includeInIndex = 0; path = TestQml.app; sourceTree = BUILT_PRODUCTS_DIR; };
		A2000005 /* UIKit.framework */ = {isa = PBXFileReference; lastKnownFileType = wrapper.framework; name = UIKit.framework; path = System/Library/Frameworks/UIKit.framework; sourceTree = SDKROOT; };
		A2000006 /* Foundation.framework */ = {isa = PBXFileReference; lastKnownFileType = wrapper.framework; name = Foundation.framework; path = System/Library/Frameworks/Foundation.framework; sourceTree = SDKROOT; };
		A2000007 /* Info.plist */ = {isa = PBXFileReference; lastKnownFileType = text.plist.xml; path = Info.plist; sourceTree = "<group>"; };
/* End PBXFileReference section */

/* Begin PBXFrameworksBuildPhase section */
		A3000001 /* Frameworks */ = {
			isa = PBXFrameworksBuildPhase;
			buildActionMask = 2147483647;
			files = (
				A1000003 /* QtRuntime.framework in Frameworks */,
				A1000005 /* UIKit.framework in Frameworks */,
				A1000006 /* Foundation.framework in Frameworks */,
			);
			runOnlyForDeploymentPostprocessing = 0;
		};
/* End PBXFrameworksBuildPhase section */

/* Begin PBXGroup section */
		A4000001 = {
			isa = PBXGroup;
			children = (
				A2000001 /* main.mm */,
				A2000002 /* main.qml */,
				A2000007 /* Info.plist */,
				A4000002 /* Frameworks */,
				A4000003 /* Products */,
			);
			sourceTree = "<group>";
		};
		A4000002 /* Frameworks */ = {
			isa = PBXGroup;
			children = (
				A2000003 /* QtRuntime.framework */,
				A2000005 /* UIKit.framework */,
				A2000006 /* Foundation.framework */,
			);
			name = Frameworks;
			sourceTree = "<group>";
		};
		A4000003 /* Products */ = {
			isa = PBXGroup;
			children = (
				A2000004 /* TestQml.app */,
			);
			name = Products;
			sourceTree = "<group>";
		};
/* End PBXGroup section */

/* Begin PBXNativeTarget section */
		A6000001 /* TestQml */ = {
			isa = PBXNativeTarget;
			buildConfigurationList = A8000003 /* Build configuration list for PBXNativeTarget "TestQml" */;
			buildPhases = (
				A7000001 /* Sources */,
				A3000001 /* Frameworks */,
				A5000001 /* Embed Frameworks */,
				A5000002 /* Copy QML Files */,
				A5000003 /* Copy QML Modules */,
			);
			buildRules = (
			);
			dependencies = (
			);
			name = TestQml;
			productName = TestQml;
			productReference = A2000004 /* TestQml.app */;
			productType = "com.apple.product-type.application";
		};
/* End PBXNativeTarget section */

/* Begin PBXProject section */
		A9000001 /* Project object */ = {
			isa = PBXProject;
			attributes = {
				BuildIndependentTargetsInParallel = 1;
				LastUpgradeCheck = 1500;
				TargetAttributes = {
					A6000001 = {
						CreatedOnToolsVersion = 15.0;
					};
				};
			};
			buildConfigurationList = A8000001 /* Build configuration list for PBXProject "TestQml" */;
			compatibilityVersion = "Xcode 14.0";
			developmentRegion = en;
			hasScannedForEncodings = 0;
			knownRegions = (
				en,
				Base,
			);
			mainGroup = A4000001;
			productRefGroup = A4000003 /* Products */;
			projectDirPath = "";
			projectRoot = "";
			targets = (
				A6000001 /* TestQml */,
			);
		};
/* End PBXProject section */

/* Begin PBXSourcesBuildPhase section */
		A7000001 /* Sources */ = {
			isa = PBXSourcesBuildPhase;
			buildActionMask = 2147483647;
			files = (
				A1000001 /* main.mm in Sources */,
			);
			runOnlyForDeploymentPostprocessing = 0;
		};
/* End PBXSourcesBuildPhase section */

/* Begin XCBuildConfiguration section */
		A8000011 /* Debug */ = {
			isa = XCBuildConfiguration;
			buildSettings = {
				ALWAYS_SEARCH_USER_PATHS = NO;
				CLANG_CXX_LANGUAGE_STANDARD = "c++17";
				CLANG_ENABLE_ARC = YES;
				CLANG_ENABLE_MODULES = YES;
				IPHONEOS_DEPLOYMENT_TARGET = 16.0;
				SDKROOT = iphoneos;
				TARGETED_DEVICE_FAMILY = "1,2";
			};
			name = Debug;
		};
		A8000012 /* Release */ = {
			isa = XCBuildConfiguration;
			buildSettings = {
				ALWAYS_SEARCH_USER_PATHS = NO;
				CLANG_CXX_LANGUAGE_STANDARD = "c++17";
				CLANG_ENABLE_ARC = YES;
				CLANG_ENABLE_MODULES = YES;
				IPHONEOS_DEPLOYMENT_TARGET = 16.0;
				SDKROOT = iphoneos;
				TARGETED_DEVICE_FAMILY = "1,2";
			};
			name = Release;
		};
		A8000021 /* Debug */ = {
			isa = XCBuildConfiguration;
			buildSettings = {
				ASSETCATALOG_COMPILER_APPICON_NAME = AppIcon;
				CODE_SIGN_STYLE = Automatic;
				DEVELOPMENT_TEAM = 8KJB799CU7;
				FRAMEWORK_SEARCH_PATHS = (
					"$(inherited)",
					"$(PROJECT_DIR)/../../build",
				);
				HEADER_SEARCH_PATHS = (
					"$(inherited)",
					"$(HOME)/dev/lib/Qt-6/6.8.3/ios/include",
				);
				OTHER_CPLUSPLUSFLAGS = (
					"$(inherited)",
					"-iframework",
					"$(HOME)/dev/lib/Qt-6/6.8.3/ios/lib",
				);
				INFOPLIST_FILE = Info.plist;
				LD_RUNPATH_SEARCH_PATHS = (
					"$(inherited)",
					"@executable_path/Frameworks",
				);
				PRODUCT_BUNDLE_IDENTIFIER = "com.alaskafamilysystems.test-qml";
				PRODUCT_NAME = "$(TARGET_NAME)";
				SWIFT_VERSION = 5.0;
			};
			name = Debug;
		};
		A8000022 /* Release */ = {
			isa = XCBuildConfiguration;
			buildSettings = {
				ASSETCATALOG_COMPILER_APPICON_NAME = AppIcon;
				CODE_SIGN_STYLE = Automatic;
				DEVELOPMENT_TEAM = 8KJB799CU7;
				FRAMEWORK_SEARCH_PATHS = (
					"$(inherited)",
					"$(PROJECT_DIR)/../../build",
				);
				HEADER_SEARCH_PATHS = (
					"$(inherited)",
					"$(HOME)/dev/lib/Qt-6/6.8.3/ios/include",
				);
				OTHER_CPLUSPLUSFLAGS = (
					"$(inherited)",
					"-iframework",
					"$(HOME)/dev/lib/Qt-6/6.8.3/ios/lib",
				);
				INFOPLIST_FILE = Info.plist;
				LD_RUNPATH_SEARCH_PATHS = (
					"$(inherited)",
					"@executable_path/Frameworks",
				);
				PRODUCT_BUNDLE_IDENTIFIER = "com.alaskafamilysystems.test-qml";
				PRODUCT_NAME = "$(TARGET_NAME)";
				SWIFT_VERSION = 5.0;
			};
			name = Release;
		};
/* End XCBuildConfiguration section */

/* Begin XCConfigurationList section */
		A8000001 /* Build configuration list for PBXProject "TestQml" */ = {
			isa = XCConfigurationList;
			buildConfigurations = (
				A8000011 /* Debug */,
				A8000012 /* Release */,
			);
			defaultConfigurationIsVisible = 0;
			defaultConfigurationName = Release;
		};
		A8000003 /* Build configuration list for PBXNativeTarget "TestQml" */ = {
			isa = XCConfigurationList;
			buildConfigurations = (
				A8000021 /* Debug */,
				A8000022 /* Release */,
			);
			defaultConfigurationIsVisible = 0;
			defaultConfigurationName = Release;
		};
/* End XCConfigurationList section */

	};
	rootObject = A9000001 /* Project object */;
}
